
Microsoft Visual Studio Solution File, Format Version 12.00
# Visual Studio Version 17
VisualStudioVersion = 17.8.34511.84
MinimumVisualStudioVersion = 10.0.40219.1
Project("{9A19103F-16F7-4668-BE54-9A1E7A4F7556}") = "ConsoleApp1", "ConsoleApp1\ConsoleApp1.csproj", "{907DE649-46E5-431B-82E1-5B88EA5DD2E3}"
EndProject
Project("{9A19103F-16F7-4668-BE54-9A1E7A4F7556}") = "testExeptions", "testExeptions\testExeptions.csproj", "{4E8C9AEA-3F8D-4E47-AFEF-7F2B12C5C79B}"
EndProject
Project("{FAE04EC0-301F-11D3-BF4B-00C04F79EFBC}") = "GameDataParser", "GameDataParser\GameDataParser.csproj", "{11509A5F-D9B2-4568-A423-394865EDA3FF}"
EndProject
Global
	GlobalSection(SolutionConfigurationPlatforms) = preSolution
		Debug|Any CPU = Debug|Any CPU
		Release|Any CPU = Release|Any CPU
	EndGlobalSection
	GlobalSection(ProjectConfigurationPlatforms) = postSolution
		{907DE649-46E5-431B-82E1-5B88EA5DD2E3}.Debug|Any CPU.ActiveCfg = Debug|Any CPU
		{907DE649-46E5-431B-82E1-5B88EA5DD2E3}.Debug|Any CPU.Build.0 = Debug|Any CPU
		{907DE649-46E5-431B-82E1-5B88EA5DD2E3}.Release|Any CPU.ActiveCfg = Release|Any CPU
		{907DE649-46E5-431B-82E1-5B88EA5DD2E3}.Release|Any CPU.Build.0 = Release|Any CPU
		{4E8C9AEA-3F8D-4E47-AFEF-7F2B12C5C79B}.Debug|Any CPU.ActiveCfg = Debug|Any CPU
		{4E8C9AEA-3F8D-4E47-AFEF-7F2B12C5C79B}.Debug|Any CPU.Build.0 = Debug|Any CPU
		{4E8C9AEA-3F8D-4E47-AFEF-7F2B12C5C79B}.Release|Any CPU.ActiveCfg = Release|Any CPU
		{4E8C9AEA-3F8D-4E47-AFEF-7F2B12C5C79B}.Release|Any CPU.Build.0 = Release|Any CPU
		{11509A5F-D9B2-4568-A423-394865EDA3FF}.Debug|Any CPU.ActiveCfg = Debug|Any CPU
		{11509A5F-D9B2-4568-A423-394865EDA3FF}.Debug|Any CPU.Build.0 = Debug|Any CPU
		{11509A5F-D9B2-4568-A423-394865EDA3FF}.Release|Any CPU.ActiveCfg = Release|Any CPU
		{11509A5F-D9B2-4568-A423-394865EDA3FF}.Release|Any CPU.Build.0 = Release|Any CPU
	EndGlobalSection
	GlobalSection(SolutionProperties) = preSolution
		HideSolutionNode = FALSE
	EndGlobalSection
	GlobalSection(ExtensibilityGlobals) = postSolution
		SolutionGuid = {AE333395-AB4A-4324-99BD-065D0A3B0C99}
	EndGlobalSection
EndGlobal
